
Microsoft Visual Studio Solution File, Format Version 12.00
# Visual Studio Version 17
VisualStudioVersion = 17.9.34701.34
MinimumVisualStudioVersion = 10.0.40219.1
Project("{FAE04EC0-301F-11D3-BF4B-00C04F79EFBC}") = "S2Lab4n2", "S2Lab4n2\S2Lab4n2.csproj", "{4E42EE56-3195-41A7-BD56-1A1D8564162F}"
EndProject
Global
	GlobalSection(SolutionConfigurationPlatforms) = preSolution
		Debug|Any CPU = Debug|Any CPU
		Release|Any CPU = Release|Any CPU
	EndGlobalSection
	GlobalSection(ProjectConfigurationPlatforms) = postSolution
		{4E42EE56-3195-41A7-BD56-1A1D8564162F}.Debug|Any CPU.ActiveCfg = Debug|Any CPU
		{4E42EE56-3195-41A7-BD56-1A1D8564162F}.Debug|Any CPU.Build.0 = Debug|Any CPU
		{4E42EE56-3195-41A7-BD56-1A1D8564162F}.Release|Any CPU.ActiveCfg = Release|Any CPU
		{4E42EE56-3195-41A7-BD56-1A1D8564162F}.Release|Any CPU.Build.0 = Release|Any CPU
	EndGlobalSection
	GlobalSection(SolutionProperties) = preSolution
		HideSolutionNode = FALSE
	EndGlobalSection
	GlobalSection(ExtensibilityGlobals) = postSolution
		SolutionGuid = {44189B65-8658-4295-B1C4-66EA8D3EB3BC}
	EndGlobalSection
EndGlobal
